
Microsoft Visual Studio Solution File, Format Version 12.00
# Visual Studio Version 17
VisualStudioVersion = 17.2.32505.173
MinimumVisualStudioVersion = 10.0.40219.1
Project("{9A19103F-16F7-4668-BE54-9A1E7A4F7556}") = "CypherFileTransferServer", "CypherFileTransferServer\CypherFileTransferServer.csproj", "{2E623E4A-F458-46E1-9EE8-DA8A78D4B513}"
EndProject
Project("{9A19103F-16F7-4668-BE54-9A1E7A4F7556}") = "CypherFileTransferClient", "..\CypherFileTransferClient\CypherFileTransferClient\CypherFileTransferClient.csproj", "{5FE23931-EE2F-4614-88AF-1AD610B620F7}"
EndProject
Project("{9A19103F-16F7-4668-BE54-9A1E7A4F7556}") = "ProtocolCryptographyC", "..\ProtocolCryptographyC\ProtocolCryptographyC.csproj", "{B7F7884C-5F12-479E-AE96-9062D65044BE}"
EndProject
Project("{9A19103F-16F7-4668-BE54-9A1E7A4F7556}") = "CryptL", "..\CryptL\CryptL.csproj", "{492DBE4C-6ABD-45F0-AAE2-8FD5A9DCD37C}"
EndProject
Global
	GlobalSection(SolutionConfigurationPlatforms) = preSolution
		Debug|Any CPU = Debug|Any CPU
		Release|Any CPU = Release|Any CPU
	EndGlobalSection
	GlobalSection(ProjectConfigurationPlatforms) = postSolution
		{2E623E4A-F458-46E1-9EE8-DA8A78D4B513}.Debug|Any CPU.ActiveCfg = Debug|Any CPU
		{2E623E4A-F458-46E1-9EE8-DA8A78D4B513}.Debug|Any CPU.Build.0 = Debug|Any CPU
		{2E623E4A-F458-46E1-9EE8-DA8A78D4B513}.Release|Any CPU.ActiveCfg = Release|Any CPU
		{2E623E4A-F458-46E1-9EE8-DA8A78D4B513}.Release|Any CPU.Build.0 = Release|Any CPU
		{5FE23931-EE2F-4614-88AF-1AD610B620F7}.Debug|Any CPU.ActiveCfg = Debug|Any CPU
		{5FE23931-EE2F-4614-88AF-1AD610B620F7}.Debug|Any CPU.Build.0 = Debug|Any CPU
		{5FE23931-EE2F-4614-88AF-1AD610B620F7}.Release|Any CPU.ActiveCfg = Release|Any CPU
		{5FE23931-EE2F-4614-88AF-1AD610B620F7}.Release|Any CPU.Build.0 = Release|Any CPU
		{B7F7884C-5F12-479E-AE96-9062D65044BE}.Debug|Any CPU.ActiveCfg = Debug|Any CPU
		{B7F7884C-5F12-479E-AE96-9062D65044BE}.Debug|Any CPU.Build.0 = Debug|Any CPU
		{B7F7884C-5F12-479E-AE96-9062D65044BE}.Release|Any CPU.ActiveCfg = Release|Any CPU
		{B7F7884C-5F12-479E-AE96-9062D65044BE}.Release|Any CPU.Build.0 = Release|Any CPU
		{492DBE4C-6ABD-45F0-AAE2-8FD5A9DCD37C}.Debug|Any CPU.ActiveCfg = Debug|Any CPU
		{492DBE4C-6ABD-45F0-AAE2-8FD5A9DCD37C}.Debug|Any CPU.Build.0 = Debug|Any CPU
		{492DBE4C-6ABD-45F0-AAE2-8FD5A9DCD37C}.Release|Any CPU.ActiveCfg = Release|Any CPU
		{492DBE4C-6ABD-45F0-AAE2-8FD5A9DCD37C}.Release|Any CPU.Build.0 = Release|Any CPU
	EndGlobalSection
	GlobalSection(SolutionProperties) = preSolution
		HideSolutionNode = FALSE
	EndGlobalSection
	GlobalSection(ExtensibilityGlobals) = postSolution
		SolutionGuid = {72915D00-3E92-47FF-B83F-44DD2863EF66}
	EndGlobalSection
EndGlobal
